PODS:
  - RIBs (0.9.3):
    - RxRelay (~> 5.1)
    - RxSwift (~> 5.1)
  - RxRelay (5.1.1):
    - RxSwift (~> 5)
  - RxSwift (5.1.1)
  - SnapKit (5.0.1)

DEPENDENCIES:
  - RIBs (from `https://github.com/uber/RIBs.git`)
  - SnapKit

SPEC REPOS:
  trunk:
    - RxRelay
    - RxSwift
    - SnapKit

EXTERNAL SOURCES:
  RIBs:
    :git: https://github.com/uber/RIBs.git

CHECKOUT OPTIONS:
  RIBs:
    :commit: 676f74243650c4f2afe5c2df977a224fc56155bb
    :git: https://github.com/uber/RIBs.git

SPEC CHECKSUMS:
  RIBs: d4c4c7e7e4580f0bbe88bdc88b6c11704a738b7f
  RxRelay: d77f7d771495f43c556cbc43eebd1bb54d01e8e9
  RxSwift: 81470a2074fa8780320ea5fe4102807cb7118178
  SnapKit: 97b92857e3df3a0c71833cce143274bf6ef8e5eb

PODFILE CHECKSUM: 860c33e3f2b1c3d9f0b61de974216faf53ab9d08

COCOAPODS: 1.10.1
