// !$*UTF8*$!
{
	archiveVersion = 1;
	classes = {
	};
	objectVersion = 51;
	objects = {

/* Begin PBXBuildFile section */
		70A97F6725D8275F00FA172E /* AppDelegate.swift in Sources */ = {isa = PBXBuildFile; fileRef = 70A97F6625D8275F00FA172E /* AppDelegate.swift */; };
		70A97F6925D8275F00FA172E /* SceneDelegate.swift in Sources */ = {isa = PBXBuildFile; fileRef = 70A97F6825D8275F00FA172E /* SceneDelegate.swift */; };
		70A97F7025D8276000FA172E /* Assets.xcassets in Resources */ = {isa = PBXBuildFile; fileRef = 70A97F6F25D8276000FA172E /* Assets.xcassets */; };
		70A97F7325D8276000FA172E /* LaunchScreen.storyboard in Resources */ = {isa = PBXBuildFile; fileRef = 70A97F7125D8276000FA172E /* LaunchScreen.storyboard */; };
		70A97F7E25D8276000FA172E /* TemplateTests.swift in Sources */ = {isa = PBXBuildFile; fileRef = 70A97F7D25D8276000FA172E /* TemplateTests.swift */; };
		70A97F8925D8276000FA172E /* TemplateUITests.swift in Sources */ = {isa = PBXBuildFile; fileRef = 70A97F8825D8276000FA172E /* TemplateUITests.swift */; };
		70B0EA8225D82E5F006EAA9B /* RootRouter.swift in Sources */ = {isa = PBXBuildFile; fileRef = 70B0EA7E25D82E5F006EAA9B /* RootRouter.swift */; };
		70B0EA8325D82E5F006EAA9B /* RootViewController.swift in Sources */ = {isa = PBXBuildFile; fileRef = 70B0EA7F25D82E5F006EAA9B /* RootViewController.swift */; };
		70B0EA8425D82E5F006EAA9B /* RootBuilder.swift in Sources */ = {isa = PBXBuildFile; fileRef = 70B0EA8025D82E5F006EAA9B /* RootBuilder.swift */; };
		70B0EA8525D82E5F006EAA9B /* RootInteractor.swift in Sources */ = {isa = PBXBuildFile; fileRef = 70B0EA8125D82E5F006EAA9B /* RootInteractor.swift */; };
		70B0EA8725D82E8E006EAA9B /* AppComponent.swift in Sources */ = {isa = PBXBuildFile; fileRef = 70B0EA8625D82E8E006EAA9B /* AppComponent.swift */; };
		70B0EA8D25D8324A006EAA9B /* LoggedOutRouter.swift in Sources */ = {isa = PBXBuildFile; fileRef = 70B0EA8925D8324A006EAA9B /* LoggedOutRouter.swift */; };
		70B0EA8E25D8324A006EAA9B /* LoggedOutViewController.swift in Sources */ = {isa = PBXBuildFile; fileRef = 70B0EA8A25D8324A006EAA9B /* LoggedOutViewController.swift */; };
		70B0EA8F25D8324A006EAA9B /* LoggedOutBuilder.swift in Sources */ = {isa = PBXBuildFile; fileRef = 70B0EA8B25D8324A006EAA9B /* LoggedOutBuilder.swift */; };
		70B0EA9025D8324A006EAA9B /* LoggedOutInteractor.swift in Sources */ = {isa = PBXBuildFile; fileRef = 70B0EA8C25D8324A006EAA9B /* LoggedOutInteractor.swift */; };
		70B0EA9225D8328D006EAA9B /* RootComponent+LoggedOut.swift in Sources */ = {isa = PBXBuildFile; fileRef = 70B0EA9125D8328D006EAA9B /* RootComponent+LoggedOut.swift */; };
		70B0EA9725D8363A006EAA9B /* View.swift in Sources */ = {isa = PBXBuildFile; fileRef = 70B0EA9625D8363A006EAA9B /* View.swift */; };
		70B0EA9A25D837D1006EAA9B /* ViewController.swift in Sources */ = {isa = PBXBuildFile; fileRef = 70B0EA9925D837D1006EAA9B /* ViewController.swift */; };
		70E01FBC25D83A440072FDBE /* SpacingUnits.swift in Sources */ = {isa = PBXBuildFile; fileRef = 70E01FBB25D83A440072FDBE /* SpacingUnits.swift */; };
		7890CE9AB548CFB6D1D395B4 /* Pods_TemplateTests.framework in Frameworks */ = {isa = PBXBuildFile; fileRef = 7375FEC591B5472C7AC864F7 /* Pods_TemplateTests.framework */; };
		9A9A7F3AF70627DDF663EC21 /* Pods_Template_TemplateUITests.framework in Frameworks */ = {isa = PBXBuildFile; fileRef = 8B4961ADDC2B7B21A8D9117D /* Pods_Template_TemplateUITests.framework */; };
		E880555073461FB79CDDD8F6 /* Pods_Template.framework in Frameworks */ = {isa = PBXBuildFile; fileRef = 3AE237D22A340183F1469DD4 /* Pods_Template.framework */; };
/* End PBXBuildFile section */

/* Begin PBXContainerItemProxy section */
		70A97F7A25D8276000FA172E /* PBXContainerItemProxy */ = {
			isa = PBXContainerItemProxy;
			containerPortal = 70A97F5B25D8275F00FA172E /* Project object */;
			proxyType = 1;
			remoteGlobalIDString = 70A97F6225D8275F00FA172E;
			remoteInfo = Template;
		};
		70A97F8525D8276000FA172E /* PBXContainerItemProxy */ = {
			isa = PBXContainerItemProxy;
			containerPortal = 70A97F5B25D8275F00FA172E /* Project object */;
			proxyType = 1;
			remoteGlobalIDString = 70A97F6225D8275F00FA172E;
			remoteInfo = Template;
		};
/* End PBXContainerItemProxy section */

/* Begin PBXFileReference section */
		3AE237D22A340183F1469DD4 /* Pods_Template.framework */ = {isa = PBXFileReference; explicitFileType = wrapper.framework; includeInIndex = 0; path = Pods_Template.framework; sourceTree = BUILT_PRODUCTS_DIR; };
		43641FB6DFC617AAD5DC5D27 /* Pods-Template.release.xcconfig */ = {isa = PBXFileReference; includeInIndex = 1; lastKnownFileType = text.xcconfig; name = "Pods-Template.release.xcconfig"; path = "Target Support Files/Pods-Template/Pods-Template.release.xcconfig"; sourceTree = "<group>"; };
		70A97F6325D8275F00FA172E /* Template.app */ = {isa = PBXFileReference; explicitFileType = wrapper.application; includeInIndex = 0; path = Template.app; sourceTree = BUILT_PRODUCTS_DIR; };
		70A97F6625D8275F00FA172E /* AppDelegate.swift */ = {isa = PBXFileReference; lastKnownFileType = sourcecode.swift; path = AppDelegate.swift; sourceTree = "<group>"; };
		70A97F6825D8275F00FA172E /* SceneDelegate.swift */ = {isa = PBXFileReference; lastKnownFileType = sourcecode.swift; path = SceneDelegate.swift; sourceTree = "<group>"; };
		70A97F6F25D8276000FA172E /* Assets.xcassets */ = {isa = PBXFileReference; lastKnownFileType = folder.assetcatalog; path = Assets.xcassets; sourceTree = "<group>"; };
		70A97F7225D8276000FA172E /* Base */ = {isa = PBXFileReference; lastKnownFileType = file.storyboard; name = Base; path = Base.lproj/LaunchScreen.storyboard; sourceTree = "<group>"; };
		70A97F7425D8276000FA172E /* Info.plist */ = {isa = PBXFileReference; lastKnownFileType = text.plist.xml; path = Info.plist; sourceTree = "<group>"; };
		70A97F7925D8276000FA172E /* TemplateTests.xctest */ = {isa = PBXFileReference; explicitFileType = wrapper.cfbundle; includeInIndex = 0; path = TemplateTests.xctest; sourceTree = BUILT_PRODUCTS_DIR; };
		70A97F7D25D8276000FA172E /* TemplateTests.swift */ = {isa = PBXFileReference; lastKnownFileType = sourcecode.swift; path = TemplateTests.swift; sourceTree = "<group>"; };
		70A97F7F25D8276000FA172E /* Info.plist */ = {isa = PBXFileReference; lastKnownFileType = text.plist.xml; path = Info.plist; sourceTree = "<group>"; };
		70A97F8425D8276000FA172E /* TemplateUITests.xctest */ = {isa = PBXFileReference; explicitFileType = wrapper.cfbundle; includeInIndex = 0; path = TemplateUITests.xctest; sourceTree = BUILT_PRODUCTS_DIR; };
		70A97F8825D8276000FA172E /* TemplateUITests.swift */ = {isa = PBXFileReference; lastKnownFileType = sourcecode.swift; path = TemplateUITests.swift; sourceTree = "<group>"; };
		70A97F8A25D8276000FA172E /* Info.plist */ = {isa = PBXFileReference; lastKnownFileType = text.plist.xml; path = Info.plist; sourceTree = "<group>"; };
		70B0EA7E25D82E5F006EAA9B /* RootRouter.swift */ = {isa = PBXFileReference; lastKnownFileType = sourcecode.swift; path = RootRouter.swift; sourceTree = "<group>"; };
		70B0EA7F25D82E5F006EAA9B /* RootViewController.swift */ = {isa = PBXFileReference; lastKnownFileType = sourcecode.swift; path = RootViewController.swift; sourceTree = "<group>"; };
		70B0EA8025D82E5F006EAA9B /* RootBuilder.swift */ = {isa = PBXFileReference; lastKnownFileType = sourcecode.swift; path = RootBuilder.swift; sourceTree = "<group>"; };
		70B0EA8125D82E5F006EAA9B /* RootInteractor.swift */ = {isa = PBXFileReference; lastKnownFileType = sourcecode.swift; path = RootInteractor.swift; sourceTree = "<group>"; };
		70B0EA8625D82E8E006EAA9B /* AppComponent.swift */ = {isa = PBXFileReference; lastKnownFileType = sourcecode.swift; name = AppComponent.swift; path = Template/AppComponent.swift; sourceTree = SOURCE_ROOT; };
		70B0EA8925D8324A006EAA9B /* LoggedOutRouter.swift */ = {isa = PBXFileReference; lastKnownFileType = sourcecode.swift; path = LoggedOutRouter.swift; sourceTree = "<group>"; };
		70B0EA8A25D8324A006EAA9B /* LoggedOutViewController.swift */ = {isa = PBXFileReference; lastKnownFileType = sourcecode.swift; path = LoggedOutViewController.swift; sourceTree = "<group>"; };
		70B0EA8B25D8324A006EAA9B /* LoggedOutBuilder.swift */ = {isa = PBXFileReference; lastKnownFileType = sourcecode.swift; path = LoggedOutBuilder.swift; sourceTree = "<group>"; };
		70B0EA8C25D8324A006EAA9B /* LoggedOutInteractor.swift */ = {isa = PBXFileReference; lastKnownFileType = sourcecode.swift; path = LoggedOutInteractor.swift; sourceTree = "<group>"; };
		70B0EA9125D8328D006EAA9B /* RootComponent+LoggedOut.swift */ = {isa = PBXFileReference; lastKnownFileType = sourcecode.swift; path = "RootComponent+LoggedOut.swift"; sourceTree = "<group>"; };
		70B0EA9625D8363A006EAA9B /* View.swift */ = {isa = PBXFileReference; lastKnownFileType = sourcecode.swift; path = View.swift; sourceTree = "<group>"; };
		70B0EA9925D837D1006EAA9B /* ViewController.swift */ = {isa = PBXFileReference; lastKnownFileType = sourcecode.swift; path = ViewController.swift; sourceTree = "<group>"; };
		70E01FBB25D83A440072FDBE /* SpacingUnits.swift */ = {isa = PBXFileReference; lastKnownFileType = sourcecode.swift; path = SpacingUnits.swift; sourceTree = "<group>"; };
		7375FEC591B5472C7AC864F7 /* Pods_TemplateTests.framework */ = {isa = PBXFileReference; explicitFileType = wrapper.framework; includeInIndex = 0; path = Pods_TemplateTests.framework; sourceTree = BUILT_PRODUCTS_DIR; };
		7A146DBFDCC80327051A9F75 /* Pods-Template-TemplateUITests.debug.xcconfig */ = {isa = PBXFileReference; includeInIndex = 1; lastKnownFileType = text.xcconfig; name = "Pods-Template-TemplateUITests.debug.xcconfig"; path = "Target Support Files/Pods-Template-TemplateUITests/Pods-Template-TemplateUITests.debug.xcconfig"; sourceTree = "<group>"; };
		7AF3147935706017E8F4985C /* Pods-Template.debug.xcconfig */ = {isa = PBXFileReference; includeInIndex = 1; lastKnownFileType = text.xcconfig; name = "Pods-Template.debug.xcconfig"; path = "Target Support Files/Pods-Template/Pods-Template.debug.xcconfig"; sourceTree = "<group>"; };
		8B4961ADDC2B7B21A8D9117D /* Pods_Template_TemplateUITests.framework */ = {isa = PBXFileReference; explicitFileType = wrapper.framework; includeInIndex = 0; path = Pods_Template_TemplateUITests.framework; sourceTree = BUILT_PRODUCTS_DIR; };
		937418B8644035DE8B3FF661 /* Pods-Template-TemplateUITests.release.xcconfig */ = {isa = PBXFileReference; includeInIndex = 1; lastKnownFileType = text.xcconfig; name = "Pods-Template-TemplateUITests.release.xcconfig"; path = "Target Support Files/Pods-Template-TemplateUITests/Pods-Template-TemplateUITests.release.xcconfig"; sourceTree = "<group>"; };
		93DEF31BB03F9726396AE2D6 /* Pods-TemplateTests.debug.xcconfig */ = {isa = PBXFileReference; includeInIndex = 1; lastKnownFileType = text.xcconfig; name = "Pods-TemplateTests.debug.xcconfig"; path = "Target Support Files/Pods-TemplateTests/Pods-TemplateTests.debug.xcconfig"; sourceTree = "<group>"; };
		B109186000150A0C4F701A3C /* Pods-TemplateTests.release.xcconfig */ = {isa = PBXFileReference; includeInIndex = 1; lastKnownFileType = text.xcconfig; name = "Pods-TemplateTests.release.xcconfig"; path = "Target Support Files/Pods-TemplateTests/Pods-TemplateTests.release.xcconfig"; sourceTree = "<group>"; };
/* End PBXFileReference section */

/* Begin PBXFrameworksBuildPhase section */
		70A97F6025D8275F00FA172E /* Frameworks */ = {
			isa = PBXFrameworksBuildPhase;
			buildActionMask = 2147483647;
			files = (
				E880555073461FB79CDDD8F6 /* Pods_Template.framework in Frameworks */,
			);
			runOnlyForDeploymentPostprocessing = 0;
		};
		70A97F7625D8276000FA172E /* Frameworks */ = {
			isa = PBXFrameworksBuildPhase;
			buildActionMask = 2147483647;
			files = (
				7890CE9AB548CFB6D1D395B4 /* Pods_TemplateTests.framework in Frameworks */,
			);
			runOnlyForDeploymentPostprocessing = 0;
		};
		70A97F8125D8276000FA172E /* Frameworks */ = {
			isa = PBXFrameworksBuildPhase;
			buildActionMask = 2147483647;
			files = (
				9A9A7F3AF70627DDF663EC21 /* Pods_Template_TemplateUITests.framework in Frameworks */,
			);
			runOnlyForDeploymentPostprocessing = 0;
		};
/* End PBXFrameworksBuildPhase section */

/* Begin PBXGroup section */
		0E9D14271D1939ECA22961BB /* Frameworks */ = {
			isa = PBXGroup;
			children = (
				3AE237D22A340183F1469DD4 /* Pods_Template.framework */,
				8B4961ADDC2B7B21A8D9117D /* Pods_Template_TemplateUITests.framework */,
				7375FEC591B5472C7AC864F7 /* Pods_TemplateTests.framework */,
			);
			name = Frameworks;
			sourceTree = "<group>";
		};
		70A97F5A25D8275F00FA172E = {
			isa = PBXGroup;
			children = (
				70A97F6525D8275F00FA172E /* Template */,
				70A97F7C25D8276000FA172E /* TemplateTests */,
				70A97F8725D8276000FA172E /* TemplateUITests */,
				70A97F6425D8275F00FA172E /* Products */,
				8D97E58CE9B688BDC9479CB1 /* Pods */,
				0E9D14271D1939ECA22961BB /* Frameworks */,
			);
			sourceTree = "<group>";
		};
		70A97F6425D8275F00FA172E /* Products */ = {
			isa = PBXGroup;
			children = (
				70A97F6325D8275F00FA172E /* Template.app */,
				70A97F7925D8276000FA172E /* TemplateTests.xctest */,
				70A97F8425D8276000FA172E /* TemplateUITests.xctest */,
			);
			name = Products;
			sourceTree = "<group>";
		};
		70A97F6525D8275F00FA172E /* Template */ = {
			isa = PBXGroup;
			children = (
				70B0EA8625D82E8E006EAA9B /* AppComponent.swift */,
				70B0EA7C25D82E22006EAA9B /* RIBs */,
				70A97F6625D8275F00FA172E /* AppDelegate.swift */,
				70A97F6825D8275F00FA172E /* SceneDelegate.swift */,
				70A97F6F25D8276000FA172E /* Assets.xcassets */,
				70A97F7125D8276000FA172E /* LaunchScreen.storyboard */,
				70A97F7425D8276000FA172E /* Info.plist */,
			);
			path = Template;
			sourceTree = "<group>";
		};
		70A97F7C25D8276000FA172E /* TemplateTests */ = {
			isa = PBXGroup;
			children = (
				70A97F7D25D8276000FA172E /* TemplateTests.swift */,
				70A97F7F25D8276000FA172E /* Info.plist */,
			);
			path = TemplateTests;
			sourceTree = "<group>";
		};
		70A97F8725D8276000FA172E /* TemplateUITests */ = {
			isa = PBXGroup;
			children = (
				70A97F8825D8276000FA172E /* TemplateUITests.swift */,
				70A97F8A25D8276000FA172E /* Info.plist */,
			);
			path = TemplateUITests;
			sourceTree = "<group>";
		};
		70B0EA7C25D82E22006EAA9B /* RIBs */ = {
			isa = PBXGroup;
			children = (
				70B0EA9425D83621006EAA9B /* Platform */,
				70B0EA9325D8357F006EAA9B /* Extensions */,
				70B0EA8825D83230006EAA9B /* LoggedOut */,
				70B0EA7D25D82E46006EAA9B /* Root */,
			);
			path = RIBs;
			sourceTree = "<group>";
		};
		70B0EA7D25D82E46006EAA9B /* Root */ = {
			isa = PBXGroup;
			children = (
				70B0EA7E25D82E5F006EAA9B /* RootRouter.swift */,
				70B0EA7F25D82E5F006EAA9B /* RootViewController.swift */,
				70B0EA8025D82E5F006EAA9B /* RootBuilder.swift */,
				70B0EA9125D8328D006EAA9B /* RootComponent+LoggedOut.swift */,
				70B0EA8125D82E5F006EAA9B /* RootInteractor.swift */,
			);
			path = Root;
			sourceTree = "<group>";
		};
		70B0EA8825D83230006EAA9B /* LoggedOut */ = {
			isa = PBXGroup;
			children = (
				70B0EA8925D8324A006EAA9B /* LoggedOutRouter.swift */,
				70B0EA8A25D8324A006EAA9B /* LoggedOutViewController.swift */,
				70B0EA8B25D8324A006EAA9B /* LoggedOutBuilder.swift */,
				70B0EA8C25D8324A006EAA9B /* LoggedOutInteractor.swift */,
			);
			path = LoggedOut;
			sourceTree = "<group>";
		};
		70B0EA9325D8357F006EAA9B /* Extensions */ = {
			isa = PBXGroup;
			children = (
			);
			path = Extensions;
			sourceTree = "<group>";
		};
		70B0EA9425D83621006EAA9B /* Platform */ = {
			isa = PBXGroup;
			children = (
				70B0EA9625D8363A006EAA9B /* View.swift */,
				70B0EA9925D837D1006EAA9B /* ViewController.swift */,
				70E01FBB25D83A440072FDBE /* SpacingUnits.swift */,
			);
			path = Platform;
			sourceTree = "<group>";
		};
		8D97E58CE9B688BDC9479CB1 /* Pods */ = {
			isa = PBXGroup;
			children = (
				7AF3147935706017E8F4985C /* Pods-Template.debug.xcconfig */,
				43641FB6DFC617AAD5DC5D27 /* Pods-Template.release.xcconfig */,
				7A146DBFDCC80327051A9F75 /* Pods-Template-TemplateUITests.debug.xcconfig */,
				937418B8644035DE8B3FF661 /* Pods-Template-TemplateUITests.release.xcconfig */,
				93DEF31BB03F9726396AE2D6 /* Pods-TemplateTests.debug.xcconfig */,
				B109186000150A0C4F701A3C /* Pods-TemplateTests.release.xcconfig */,
			);
			path = Pods;
			sourceTree = "<group>";
		};
/* End PBXGroup section */

/* Begin PBXNativeTarget section */
		70A97F6225D8275F00FA172E /* Template */ = {
			isa = PBXNativeTarget;
			buildConfigurationList = 70A97F8D25D8276000FA172E /* Build configuration list for PBXNativeTarget "Template" */;
			buildPhases = (
				6A775A1ADB7E5A3024464F77 /* [CP] Check Pods Manifest.lock */,
				70A97F5F25D8275F00FA172E /* Sources */,
				70A97F6025D8275F00FA172E /* Frameworks */,
				70A97F6125D8275F00FA172E /* Resources */,
				D594785AB6E17293F4C5E35B /* [CP] Embed Pods Frameworks */,
			);
			buildRules = (
			);
			dependencies = (
			);
			name = Template;
			productName = Template;
			productReference = 70A97F6325D8275F00FA172E /* Template.app */;
			productType = "com.apple.product-type.application";
		};
		70A97F7825D8276000FA172E /* TemplateTests */ = {
			isa = PBXNativeTarget;
			buildConfigurationList = 70A97F9025D8276000FA172E /* Build configuration list for PBXNativeTarget "TemplateTests" */;
			buildPhases = (
				43118E7E640097E1F6C69ACB /* [CP] Check Pods Manifest.lock */,
				70A97F7525D8276000FA172E /* Sources */,
				70A97F7625D8276000FA172E /* Frameworks */,
				70A97F7725D8276000FA172E /* Resources */,
			);
			buildRules = (
			);
			dependencies = (
				70A97F7B25D8276000FA172E /* PBXTargetDependency */,
			);
			name = TemplateTests;
			productName = TemplateTests;
			productReference = 70A97F7925D8276000FA172E /* TemplateTests.xctest */;
			productType = "com.apple.product-type.bundle.unit-test";
		};
		70A97F8325D8276000FA172E /* TemplateUITests */ = {
			isa = PBXNativeTarget;
			buildConfigurationList = 70A97F9325D8276000FA172E /* Build configuration list for PBXNativeTarget "TemplateUITests" */;
			buildPhases = (
				2BF89D59F359F8DE4FAB8B91 /* [CP] Check Pods Manifest.lock */,
				70A97F8025D8276000FA172E /* Sources */,
				70A97F8125D8276000FA172E /* Frameworks */,
				70A97F8225D8276000FA172E /* Resources */,
				6FD88DC2310D90384B1EC0B4 /* [CP] Embed Pods Frameworks */,
			);
			buildRules = (
			);
			dependencies = (
				70A97F8625D8276000FA172E /* PBXTargetDependency */,
			);
			name = TemplateUITests;
			productName = TemplateUITests;
			productReference = 70A97F8425D8276000FA172E /* TemplateUITests.xctest */;
			productType = "com.apple.product-type.bundle.ui-testing";
		};
/* End PBXNativeTarget section */

/* Begin PBXProject section */
		70A97F5B25D8275F00FA172E /* Project object */ = {
			isa = PBXProject;
			attributes = {
				LastSwiftUpdateCheck = 1160;
				LastUpgradeCheck = 1160;
				ORGANIZATIONNAME = "Arthur Papailhau";
				TargetAttributes = {
					70A97F6225D8275F00FA172E = {
						CreatedOnToolsVersion = 11.6;
					};
					70A97F7825D8276000FA172E = {
						CreatedOnToolsVersion = 11.6;
						TestTargetID = 70A97F6225D8275F00FA172E;
					};
					70A97F8325D8276000FA172E = {
						CreatedOnToolsVersion = 11.6;
						TestTargetID = 70A97F6225D8275F00FA172E;
					};
				};
			};
			buildConfigurationList = 70A97F5E25D8275F00FA172E /* Build configuration list for PBXProject "Template" */;
			compatibilityVersion = "Xcode 9.3";
			developmentRegion = en;
			hasScannedForEncodings = 0;
			knownRegions = (
				en,
				Base,
			);
			mainGroup = 70A97F5A25D8275F00FA172E;
			productRefGroup = 70A97F6425D8275F00FA172E /* Products */;
			projectDirPath = "";
			projectRoot = "";
			targets = (
				70A97F6225D8275F00FA172E /* Template */,
				70A97F7825D8276000FA172E /* TemplateTests */,
				70A97F8325D8276000FA172E /* TemplateUITests */,
			);
		};
/* End PBXProject section */

/* Begin PBXResourcesBuildPhase section */
		70A97F6125D8275F00FA172E /* Resources */ = {
			isa = PBXResourcesBuildPhase;
			buildActionMask = 2147483647;
			files = (
				70A97F7325D8276000FA172E /* LaunchScreen.storyboard in Resources */,
				70A97F7025D8276000FA172E /* Assets.xcassets in Resources */,
			);
			runOnlyForDeploymentPostprocessing = 0;
		};
		70A97F7725D8276000FA172E /* Resources */ = {
			isa = PBXResourcesBuildPhase;
			buildActionMask = 2147483647;
			files = (
			);
			runOnlyForDeploymentPostprocessing = 0;
		};
		70A97F8225D8276000FA172E /* Resources */ = {
			isa = PBXResourcesBuildPhase;
			buildActionMask = 2147483647;
			files = (
			);
			runOnlyForDeploymentPostprocessing = 0;
		};
/* End PBXResourcesBuildPhase section */

/* Begin PBXShellScriptBuildPhase section */
		2BF89D59F359F8DE4FAB8B91 /* [CP] Check Pods Manifest.lock */ = {
			isa = PBXShellScriptBuildPhase;
			buildActionMask = 2147483647;
			files = (
			);
			inputFileListPaths = (
			);
			inputPaths = (
				"${PODS_PODFILE_DIR_PATH}/Podfile.lock",
				"${PODS_ROOT}/Manifest.lock",
			);
			name = "[CP] Check Pods Manifest.lock";
			outputFileListPaths = (
			);
			outputPaths = (
				"$(DERIVED_FILE_DIR)/Pods-Template-TemplateUITests-checkManifestLockResult.txt",
			);
			runOnlyForDeploymentPostprocessing = 0;
			shellPath = /bin/sh;
			shellScript = "diff \"${PODS_PODFILE_DIR_PATH}/Podfile.lock\" \"${PODS_ROOT}/Manifest.lock\" > /dev/null\nif [ $? != 0 ] ; then\n    # print error to STDERR\n    echo \"error: The sandbox is not in sync with the Podfile.lock. Run 'pod install' or update your CocoaPods installation.\" >&2\n    exit 1\nfi\n# This output is used by Xcode 'outputs' to avoid re-running this script phase.\necho \"SUCCESS\" > \"${SCRIPT_OUTPUT_FILE_0}\"\n";
			showEnvVarsInLog = 0;
		};
		43118E7E640097E1F6C69ACB /* [CP] Check Pods Manifest.lock */ = {
			isa = PBXShellScriptBuildPhase;
			buildActionMask = 2147483647;
			files = (
			);
			inputFileListPaths = (
			);
			inputPaths = (
				"${PODS_PODFILE_DIR_PATH}/Podfile.lock",
				"${PODS_ROOT}/Manifest.lock",
			);
			name = "[CP] Check Pods Manifest.lock";
			outputFileListPaths = (
			);
			outputPaths = (
				"$(DERIVED_FILE_DIR)/Pods-TemplateTests-checkManifestLockResult.txt",
			);
			runOnlyForDeploymentPostprocessing = 0;
			shellPath = /bin/sh;
			shellScript = "diff \"${PODS_PODFILE_DIR_PATH}/Podfile.lock\" \"${PODS_ROOT}/Manifest.lock\" > /dev/null\nif [ $? != 0 ] ; then\n    # print error to STDERR\n    echo \"error: The sandbox is not in sync with the Podfile.lock. Run 'pod install' or update your CocoaPods installation.\" >&2\n    exit 1\nfi\n# This output is used by Xcode 'outputs' to avoid re-running this script phase.\necho \"SUCCESS\" > \"${SCRIPT_OUTPUT_FILE_0}\"\n";
			showEnvVarsInLog = 0;
		};
		6A775A1ADB7E5A3024464F77 /* [CP] Check Pods Manifest.lock */ = {
			isa = PBXShellScriptBuildPhase;
			buildActionMask = 2147483647;
			files = (
			);
			inputFileListPaths = (
			);
			inputPaths = (
				"${PODS_PODFILE_DIR_PATH}/Podfile.lock",
				"${PODS_ROOT}/Manifest.lock",
			);
			name = "[CP] Check Pods Manifest.lock";
			outputFileListPaths = (
			);
			outputPaths = (
				"$(DERIVED_FILE_DIR)/Pods-Template-checkManifestLockResult.txt",
			);
			runOnlyForDeploymentPostprocessing = 0;
			shellPath = /bin/sh;
			shellScript = "diff \"${PODS_PODFILE_DIR_PATH}/Podfile.lock\" \"${PODS_ROOT}/Manifest.lock\" > /dev/null\nif [ $? != 0 ] ; then\n    # print error to STDERR\n    echo \"error: The sandbox is not in sync with the Podfile.lock. Run 'pod install' or update your CocoaPods installation.\" >&2\n    exit 1\nfi\n# This output is used by Xcode 'outputs' to avoid re-running this script phase.\necho \"SUCCESS\" > \"${SCRIPT_OUTPUT_FILE_0}\"\n";
			showEnvVarsInLog = 0;
		};
		6FD88DC2310D90384B1EC0B4 /* [CP] Embed Pods Frameworks */ = {
			isa = PBXShellScriptBuildPhase;
			buildActionMask = 2147483647;
			files = (
			);
			inputFileListPaths = (
				"${PODS_ROOT}/Target Support Files/Pods-Template-TemplateUITests/Pods-Template-TemplateUITests-frameworks-${CONFIGURATION}-input-files.xcfilelist",
			);
			name = "[CP] Embed Pods Frameworks";
			outputFileListPaths = (
				"${PODS_ROOT}/Target Support Files/Pods-Template-TemplateUITests/Pods-Template-TemplateUITests-frameworks-${CONFIGURATION}-output-files.xcfilelist",
			);
			runOnlyForDeploymentPostprocessing = 0;
			shellPath = /bin/sh;
			shellScript = "\"${PODS_ROOT}/Target Support Files/Pods-Template-TemplateUITests/Pods-Template-TemplateUITests-frameworks.sh\"\n";
			showEnvVarsInLog = 0;
		};
		D594785AB6E17293F4C5E35B /* [CP] Embed Pods Frameworks */ = {
			isa = PBXShellScriptBuildPhase;
			buildActionMask = 2147483647;
			files = (
			);
			inputFileListPaths = (
				"${PODS_ROOT}/Target Support Files/Pods-Template/Pods-Template-frameworks-${CONFIGURATION}-input-files.xcfilelist",
			);
			name = "[CP] Embed Pods Frameworks";
			outputFileListPaths = (
				"${PODS_ROOT}/Target Support Files/Pods-Template/Pods-Template-frameworks-${CONFIGURATION}-output-files.xcfilelist",
			);
			runOnlyForDeploymentPostprocessing = 0;
			shellPath = /bin/sh;
			shellScript = "\"${PODS_ROOT}/Target Support Files/Pods-Template/Pods-Template-frameworks.sh\"\n";
			showEnvVarsInLog = 0;
		};
/* End PBXShellScriptBuildPhase section */

/* Begin PBXSourcesBuildPhase section */
		70A97F5F25D8275F00FA172E /* Sources */ = {
			isa = PBXSourcesBuildPhase;
			buildActionMask = 2147483647;
			files = (
				70B0EA9A25D837D1006EAA9B /* ViewController.swift in Sources */,
				70B0EA8325D82E5F006EAA9B /* RootViewController.swift in Sources */,
				70B0EA8F25D8324A006EAA9B /* LoggedOutBuilder.swift in Sources */,
				70B0EA8725D82E8E006EAA9B /* AppComponent.swift in Sources */,
				70B0EA8225D82E5F006EAA9B /* RootRouter.swift in Sources */,
				70B0EA8525D82E5F006EAA9B /* RootInteractor.swift in Sources */,
				70B0EA9025D8324A006EAA9B /* LoggedOutInteractor.swift in Sources */,
				70B0EA8D25D8324A006EAA9B /* LoggedOutRouter.swift in Sources */,
				70B0EA9225D8328D006EAA9B /* RootComponent+LoggedOut.swift in Sources */,
				70A97F6725D8275F00FA172E /* AppDelegate.swift in Sources */,
				70E01FBC25D83A440072FDBE /* SpacingUnits.swift in Sources */,
				70A97F6925D8275F00FA172E /* SceneDelegate.swift in Sources */,
				70B0EA8425D82E5F006EAA9B /* RootBuilder.swift in Sources */,
				70B0EA9725D8363A006EAA9B /* View.swift in Sources */,
				70B0EA8E25D8324A006EAA9B /* LoggedOutViewController.swift in Sources */,
			);
			runOnlyForDeploymentPostprocessing = 0;
		};
		70A97F7525D8276000FA172E /* Sources */ = {
			isa = PBXSourcesBuildPhase;
			buildActionMask = 2147483647;
			files = (
				70A97F7E25D8276000FA172E /* TemplateTests.swift in Sources */,
			);
			runOnlyForDeploymentPostprocessing = 0;
		};
		70A97F8025D8276000FA172E /* Sources */ = {
			isa = PBXSourcesBuildPhase;
			buildActionMask = 2147483647;
			files = (
				70A97F8925D8276000FA172E /* TemplateUITests.swift in Sources */,
			);
			runOnlyForDeploymentPostprocessing = 0;
		};
/* End PBXSourcesBuildPhase section */

/* Begin PBXTargetDependency section */
		70A97F7B25D8276000FA172E /* PBXTargetDependency */ = {
			isa = PBXTargetDependency;
			target = 70A97F6225D8275F00FA172E /* Template */;
			targetProxy = 70A97F7A25D8276000FA172E /* PBXContainerItemProxy */;
		};
		70A97F8625D8276000FA172E /* PBXTargetDependency */ = {
			isa = PBXTargetDependency;
			target = 70A97F6225D8275F00FA172E /* Template */;
			targetProxy = 70A97F8525D8276000FA172E /* PBXContainerItemProxy */;
		};
/* End PBXTargetDependency section */

/* Begin PBXVariantGroup section */
		70A97F7125D8276000FA172E /* LaunchScreen.storyboard */ = {
			isa = PBXVariantGroup;
			children = (
				70A97F7225D8276000FA172E /* Base */,
			);
			name = LaunchScreen.storyboard;
			sourceTree = "<group>";
		};
/* End PBXVariantGroup section */

/* Begin XCBuildConfiguration section */
		70A97F8B25D8276000FA172E /* Debug */ = {
			isa = XCBuildConfiguration;
			buildSettings = {
				ALWAYS_SEARCH_USER_PATHS = NO;
				CLANG_ANALYZER_NONNULL = YES;
				CLANG_ANALYZER_NUMBER_OBJECT_CONVERSION = YES_AGGRESSIVE;
				CLANG_CXX_LANGUAGE_STANDARD = "gnu++14";
				CLANG_CXX_LIBRARY = "libc++";
				CLANG_ENABLE_MODULES = YES;
				CLANG_ENABLE_OBJC_ARC = YES;
				CLANG_ENABLE_OBJC_WEAK = YES;
				CLANG_WARN_BLOCK_CAPTURE_AUTORELEASING = YES;
				CLANG_WARN_BOOL_CONVERSION = YES;
				CLANG_WARN_COMMA = YES;
				CLANG_WARN_CONSTANT_CONVERSION = YES;
				CLANG_WARN_DEPRECATED_OBJC_IMPLEMENTATIONS = YES;
				CLANG_WARN_DIRECT_OBJC_ISA_USAGE = YES_ERROR;
				CLANG_WARN_DOCUMENTATION_COMMENTS = YES;
				CLANG_WARN_EMPTY_BODY = YES;
				CLANG_WARN_ENUM_CONVERSION = YES;
				CLANG_WARN_INFINITE_RECURSION = YES;
				CLANG_WARN_INT_CONVERSION = YES;
				CLANG_WARN_NON_LITERAL_NULL_CONVERSION = YES;
				CLANG_WARN_OBJC_IMPLICIT_RETAIN_SELF = YES;
				CLANG_WARN_OBJC_LITERAL_CONVERSION = YES;
				CLANG_WARN_OBJC_ROOT_CLASS = YES_ERROR;
				CLANG_WARN_RANGE_LOOP_ANALYSIS = YES;
				CLANG_WARN_STRICT_PROTOTYPES = YES;
				CLANG_WARN_SUSPICIOUS_MOVE = YES;
				CLANG_WARN_UNGUARDED_AVAILABILITY = YES_AGGRESSIVE;
				CLANG_WARN_UNREACHABLE_CODE = YES;
				CLANG_WARN__DUPLICATE_METHOD_MATCH = YES;
				COPY_PHASE_STRIP = NO;
				DEBUG_INFORMATION_FORMAT = dwarf;
				ENABLE_STRICT_OBJC_MSGSEND = YES;
				ENABLE_TESTABILITY = YES;
				GCC_C_LANGUAGE_STANDARD = gnu11;
				GCC_DYNAMIC_NO_PIC = NO;
				GCC_NO_COMMON_BLOCKS = YES;
				GCC_OPTIMIZATION_LEVEL = 0;
				GCC_PREPROCESSOR_DEFINITIONS = (
					"DEBUG=1",
					"$(inherited)",
				);
				GCC_WARN_64_TO_32_BIT_CONVERSION = YES;
				GCC_WARN_ABOUT_RETURN_TYPE = YES_ERROR;
				GCC_WARN_UNDECLARED_SELECTOR = YES;
				GCC_WARN_UNINITIALIZED_AUTOS = YES_AGGRESSIVE;
				GCC_WARN_UNUSED_FUNCTION = YES;
				GCC_WARN_UNUSED_VARIABLE = YES;
				IPHONEOS_DEPLOYMENT_TARGET = 13.6;
				MTL_ENABLE_DEBUG_INFO = INCLUDE_SOURCE;
				MTL_FAST_MATH = YES;
				ONLY_ACTIVE_ARCH = YES;
				SDKROOT = iphoneos;
				SWIFT_ACTIVE_COMPILATION_CONDITIONS = DEBUG;
				SWIFT_OPTIMIZATION_LEVEL = "-Onone";
			};
			name = Debug;
		};
		70A97F8C25D8276000FA172E /* Release */ = {
			isa = XCBuildConfiguration;
			buildSettings = {
				ALWAYS_SEARCH_USER_PATHS = NO;
				CLANG_ANALYZER_NONNULL = YES;
				CLANG_ANALYZER_NUMBER_OBJECT_CONVERSION = YES_AGGRESSIVE;
				CLANG_CXX_LANGUAGE_STANDARD = "gnu++14";
				CLANG_CXX_LIBRARY = "libc++";
				CLANG_ENABLE_MODULES = YES;
				CLANG_ENABLE_OBJC_ARC = YES;
				CLANG_ENABLE_OBJC_WEAK = YES;
				CLANG_WARN_BLOCK_CAPTURE_AUTORELEASING = YES;
				CLANG_WARN_BOOL_CONVERSION = YES;
				CLANG_WARN_COMMA = YES;
				CLANG_WARN_CONSTANT_CONVERSION = YES;
				CLANG_WARN_DEPRECATED_OBJC_IMPLEMENTATIONS = YES;
				CLANG_WARN_DIRECT_OBJC_ISA_USAGE = YES_ERROR;
				CLANG_WARN_DOCUMENTATION_COMMENTS = YES;
				CLANG_WARN_EMPTY_BODY = YES;
				CLANG_WARN_ENUM_CONVERSION = YES;
				CLANG_WARN_INFINITE_RECURSION = YES;
				CLANG_WARN_INT_CONVERSION = YES;
				CLANG_WARN_NON_LITERAL_NULL_CONVERSION = YES;
				CLANG_WARN_OBJC_IMPLICIT_RETAIN_SELF = YES;
				CLANG_WARN_OBJC_LITERAL_CONVERSION = YES;
				CLANG_WARN_OBJC_ROOT_CLASS = YES_ERROR;
				CLANG_WARN_RANGE_LOOP_ANALYSIS = YES;
				CLANG_WARN_STRICT_PROTOTYPES = YES;
				CLANG_WARN_SUSPICIOUS_MOVE = YES;
				CLANG_WARN_UNGUARDED_AVAILABILITY = YES_AGGRESSIVE;
				CLANG_WARN_UNREACHABLE_CODE = YES;
				CLANG_WARN__DUPLICATE_METHOD_MATCH = YES;
				COPY_PHASE_STRIP = NO;
				DEBUG_INFORMATION_FORMAT = "dwarf-with-dsym";
				ENABLE_NS_ASSERTIONS = NO;
				ENABLE_STRICT_OBJC_MSGSEND = YES;
				GCC_C_LANGUAGE_STANDARD = gnu11;
				GCC_NO_COMMON_BLOCKS = YES;
				GCC_WARN_64_TO_32_BIT_CONVERSION = YES;
				GCC_WARN_ABOUT_RETURN_TYPE = YES_ERROR;
				GCC_WARN_UNDECLARED_SELECTOR = YES;
				GCC_WARN_UNINITIALIZED_AUTOS = YES_AGGRESSIVE;
				GCC_WARN_UNUSED_FUNCTION = YES;
				GCC_WARN_UNUSED_VARIABLE = YES;
				IPHONEOS_DEPLOYMENT_TARGET = 13.6;
				MTL_ENABLE_DEBUG_INFO = NO;
				MTL_FAST_MATH = YES;
				SDKROOT = iphoneos;
				SWIFT_COMPILATION_MODE = wholemodule;
				SWIFT_OPTIMIZATION_LEVEL = "-O";
				VALIDATE_PRODUCT = YES;
			};
			name = Release;
		};
		70A97F8E25D8276000FA172E /* Debug */ = {
			isa = XCBuildConfiguration;
			baseConfigurationReference = 7AF3147935706017E8F4985C /* Pods-Template.debug.xcconfig */;
			buildSettings = {
				ASSETCATALOG_COMPILER_APPICON_NAME = AppIcon;
				CODE_SIGN_STYLE = Automatic;
				DEVELOPMENT_TEAM = Q4B996RU7K;
				INFOPLIST_FILE = Template/Info.plist;
				LD_RUNPATH_SEARCH_PATHS = (
					"$(inherited)",
					"@executable_path/Frameworks",
				);
				PRODUCT_BUNDLE_IDENTIFIER = papay0.Template;
				PRODUCT_NAME = "$(TARGET_NAME)";
				SWIFT_VERSION = 5.0;
				TARGETED_DEVICE_FAMILY = "1,2";
			};
			name = Debug;
		};
		70A97F8F25D8276000FA172E /* Release */ = {
			isa = XCBuildConfiguration;
			baseConfigurationReference = 43641FB6DFC617AAD5DC5D27 /* Pods-Template.release.xcconfig */;
			buildSettings = {
				ASSETCATALOG_COMPILER_APPICON_NAME = AppIcon;
				CODE_SIGN_STYLE = Automatic;
				DEVELOPMENT_TEAM = Q4B996RU7K;
				INFOPLIST_FILE = Template/Info.plist;
				LD_RUNPATH_SEARCH_PATHS = (
					"$(inherited)",
					"@executable_path/Frameworks",
				);
				PRODUCT_BUNDLE_IDENTIFIER = papay0.Template;
				PRODUCT_NAME = "$(TARGET_NAME)";
				SWIFT_VERSION = 5.0;
				TARGETED_DEVICE_FAMILY = "1,2";
			};
			name = Release;
		};
		70A97F9125D8276000FA172E /* Debug */ = {
			isa = XCBuildConfiguration;
			baseConfigurationReference = 93DEF31BB03F9726396AE2D6 /* Pods-TemplateTests.debug.xcconfig */;
			buildSettings = {
				ALWAYS_EMBED_SWIFT_STANDARD_LIBRARIES = YES;
				BUNDLE_LOADER = "$(TEST_HOST)";
				CODE_SIGN_STYLE = Automatic;
				DEVELOPMENT_TEAM = Q4B996RU7K;
				INFOPLIST_FILE = TemplateTests/Info.plist;
				IPHONEOS_DEPLOYMENT_TARGET = 13.6;
				LD_RUNPATH_SEARCH_PATHS = (
					"$(inherited)",
					"@executable_path/Frameworks",
					"@loader_path/Frameworks",
				);
				PRODUCT_BUNDLE_IDENTIFIER = papay0.TemplateTests;
				PRODUCT_NAME = "$(TARGET_NAME)";
				SWIFT_VERSION = 5.0;
				TARGETED_DEVICE_FAMILY = "1,2";
				TEST_HOST = "$(BUILT_PRODUCTS_DIR)/Template.app/Template";
			};
			name = Debug;
		};
		70A97F9225D8276000FA172E /* Release */ = {
			isa = XCBuildConfiguration;
			baseConfigurationReference = B109186000150A0C4F701A3C /* Pods-TemplateTests.release.xcconfig */;
			buildSettings = {
				ALWAYS_EMBED_SWIFT_STANDARD_LIBRARIES = YES;
				BUNDLE_LOADER = "$(TEST_HOST)";
				CODE_SIGN_STYLE = Automatic;
				DEVELOPMENT_TEAM = Q4B996RU7K;
				INFOPLIST_FILE = TemplateTests/Info.plist;
				IPHONEOS_DEPLOYMENT_TARGET = 13.6;
				LD_RUNPATH_SEARCH_PATHS = (
					"$(inherited)",
					"@executable_path/Frameworks",
					"@loader_path/Frameworks",
				);
				PRODUCT_BUNDLE_IDENTIFIER = papay0.TemplateTests;
				PRODUCT_NAME = "$(TARGET_NAME)";
				SWIFT_VERSION = 5.0;
				TARGETED_DEVICE_FAMILY = "1,2";
				TEST_HOST = "$(BUILT_PRODUCTS_DIR)/Template.app/Template";
			};
			name = Release;
		};
		70A97F9425D8276000FA172E /* Debug */ = {
			isa = XCBuildConfiguration;
			baseConfigurationReference = 7A146DBFDCC80327051A9F75 /* Pods-Template-TemplateUITests.debug.xcconfig */;
			buildSettings = {
				ALWAYS_EMBED_SWIFT_STANDARD_LIBRARIES = YES;
				CODE_SIGN_STYLE = Automatic;
				DEVELOPMENT_TEAM = Q4B996RU7K;
				INFOPLIST_FILE = TemplateUITests/Info.plist;
				LD_RUNPATH_SEARCH_PATHS = (
					"$(inherited)",
					"@executable_path/Frameworks",
					"@loader_path/Frameworks",
				);
				PRODUCT_BUNDLE_IDENTIFIER = papay0.TemplateUITests;
				PRODUCT_NAME = "$(TARGET_NAME)";
				SWIFT_VERSION = 5.0;
				TARGETED_DEVICE_FAMILY = "1,2";
				TEST_TARGET_NAME = Template;
			};
			name = Debug;
		};
		70A97F9525D8276000FA172E /* Release */ = {
			isa = XCBuildConfiguration;
			baseConfigurationReference = 937418B8644035DE8B3FF661 /* Pods-Template-TemplateUITests.release.xcconfig */;
			buildSettings = {
				ALWAYS_EMBED_SWIFT_STANDARD_LIBRARIES = YES;
				CODE_SIGN_STYLE = Automatic;
				DEVELOPMENT_TEAM = Q4B996RU7K;
				INFOPLIST_FILE = TemplateUITests/Info.plist;
				LD_RUNPATH_SEARCH_PATHS = (
					"$(inherited)",
					"@executable_path/Frameworks",
					"@loader_path/Frameworks",
				);
				PRODUCT_BUNDLE_IDENTIFIER = papay0.TemplateUITests;
				PRODUCT_NAME = "$(TARGET_NAME)";
				SWIFT_VERSION = 5.0;
				TARGETED_DEVICE_FAMILY = "1,2";
				TEST_TARGET_NAME = Template;
			};
			name = Release;
		};
/* End XCBuildConfiguration section */

/* Begin XCConfigurationList section */
		70A97F5E25D8275F00FA172E /* Build configuration list for PBXProject "Template" */ = {
			isa = XCConfigurationList;
			buildConfigurations = (
				70A97F8B25D8276000FA172E /* Debug */,
				70A97F8C25D8276000FA172E /* Release */,
			);
			defaultConfigurationIsVisible = 0;
			defaultConfigurationName = Release;
		};
		70A97F8D25D8276000FA172E /* Build configuration list for PBXNativeTarget "Template" */ = {
			isa = XCConfigurationList;
			buildConfigurations = (
				70A97F8E25D8276000FA172E /* Debug */,
				70A97F8F25D8276000FA172E /* Release */,
			);
			defaultConfigurationIsVisible = 0;
			defaultConfigurationName = Release;
		};
		70A97F9025D8276000FA172E /* Build configuration list for PBXNativeTarget "TemplateTests" */ = {
			isa = XCConfigurationList;
			buildConfigurations = (
				70A97F9125D8276000FA172E /* Debug */,
				70A97F9225D8276000FA172E /* Release */,
			);
			defaultConfigurationIsVisible = 0;
			defaultConfigurationName = Release;
		};
		70A97F9325D8276000FA172E /* Build configuration list for PBXNativeTarget "TemplateUITests" */ = {
			isa = XCConfigurationList;
			buildConfigurations = (
				70A97F9425D8276000FA172E /* Debug */,
				70A97F9525D8276000FA172E /* Release */,
			);
			defaultConfigurationIsVisible = 0;
			defaultConfigurationName = Release;
		};
/* End XCConfigurationList section */
	};
	rootObject = 70A97F5B25D8275F00FA172E /* Project object */;
}
